
Microsoft Visual Studio Solution File, Format Version 12.00
# Visual Studio Version 16
VisualStudioVersion = 16.0.29926.136
MinimumVisualStudioVersion = 10.0.40219.1
Project("{FAE04EC0-301F-11D3-BF4B-00C04F79EFBC}") = "MongoDb", "MongoDb.csproj", "{668CD426-B513-482A-80A5-0B17971E3570}"
EndProject
Global
	GlobalSection(SolutionConfigurationPlatforms) = preSolution
		Debug|Any CPU = Debug|Any CPU
		Release|Any CPU = Release|Any CPU
	EndGlobalSection
	GlobalSection(ProjectConfigurationPlatforms) = postSolution
		{668CD426-B513-482A-80A5-0B17971E3570}.Debug|Any CPU.ActiveCfg = Debug|Any CPU
		{668CD426-B513-482A-80A5-0B17971E3570}.Debug|Any CPU.Build.0 = Debug|Any CPU
		{668CD426-B513-482A-80A5-0B17971E3570}.Release|Any CPU.ActiveCfg = Release|Any CPU
		{668CD426-B513-482A-80A5-0B17971E3570}.Release|Any CPU.Build.0 = Release|Any CPU
	EndGlobalSection
	GlobalSection(SolutionProperties) = preSolution
		HideSolutionNode = FALSE
	EndGlobalSection
	GlobalSection(ExtensibilityGlobals) = postSolution
		SolutionGuid = {ECA7B2FF-9471-427D-849F-4BC9AC074375}
	EndGlobalSection
EndGlobal
